
Microsoft Visual Studio Solution File, Format Version 12.00
# Visual Studio Version 17
VisualStudioVersion = 17.5.33516.290
MinimumVisualStudioVersion = 10.0.40219.1
Project("{FAE04EC0-301F-11D3-BF4B-00C04F79EFBC}") = "Uhanov", "Uhanov\Uhanov.csproj", "{5EF0D606-52A2-41A0-8B88-2F282EEEAF99}"
EndProject
Global
	GlobalSection(SolutionConfigurationPlatforms) = preSolution
		Debug|Any CPU = Debug|Any CPU
		Release|Any CPU = Release|Any CPU
	EndGlobalSection
	GlobalSection(ProjectConfigurationPlatforms) = postSolution
		{5EF0D606-52A2-41A0-8B88-2F282EEEAF99}.Debug|Any CPU.ActiveCfg = Debug|Any CPU
		{5EF0D606-52A2-41A0-8B88-2F282EEEAF99}.Debug|Any CPU.Build.0 = Debug|Any CPU
		{5EF0D606-52A2-41A0-8B88-2F282EEEAF99}.Release|Any CPU.ActiveCfg = Release|Any CPU
		{5EF0D606-52A2-41A0-8B88-2F282EEEAF99}.Release|Any CPU.Build.0 = Release|Any CPU
	EndGlobalSection
	GlobalSection(SolutionProperties) = preSolution
		HideSolutionNode = FALSE
	EndGlobalSection
	GlobalSection(ExtensibilityGlobals) = postSolution
		SolutionGuid = {D9BEE01E-7CBF-415E-B1F0-E7111FDE3C87}
	EndGlobalSection
EndGlobal
